{
  "version": 4,
  "terraform_version": "1.10.1",
  "serial": 55,
  "lineage": "b0021c66-31c8-867e-823b-ffaa30a62e2e",
  "outputs": {},
  "resources": [
    {
      "mode": "managed",
      "type": "koyeb_app",
      "name": "sample-app",
      "provider": "provider[\"registry.terraform.io/koyeb/koyeb\"]",
      "instances": [
        {
          "schema_version": 0,
          "attributes": {
            "created_at": "2024-12-07 18:44:34.464217 +0000 UTC",
            "domains": [
              {
                "app_name": "nicegui-example-app",
                "created_at": "2024-12-07 18:44:34.47522 +0000 UTC",
                "deployment_group": "prod",
                "id": "bf97563b-8d50-4ee6-be7e-8768c9c647f5",
                "intended_cname": "",
                "messages": "",
                "name": "nicegui-example-app-pgavin-14f7a544.koyeb.app",
                "organization_id": "923f012f-ec7d-4dd7-b0f1-6422af30b50d",
                "status": "ACTIVE",
                "type": "AUTOASSIGNED",
                "updated_at": "2024-12-07 18:44:34.47522 +0000 UTC",
                "verified_at": "",
                "version": "0"
              }
            ],
            "id": "ace94512-5efa-4c9c-aa19-1a668e9233f5",
            "name": "nicegui-example-app",
            "organization_id": "923f012f-ec7d-4dd7-b0f1-6422af30b50d",
            "updated_at": "2024-12-07 18:44:37.785158 +0000 UTC"
          },
          "sensitive_attributes": [],
          "private": "bnVsbA=="
        }
      ]
    },
    {
      "mode": "managed",
      "type": "koyeb_service",
      "name": "sample-service",
      "provider": "provider[\"registry.terraform.io/koyeb/koyeb\"]",
      "instances": [
        {
          "schema_version": 0,
          "attributes": {
            "active_deployment": "",
            "app_id": "ace94512-5efa-4c9c-aa19-1a668e9233f5",
            "app_name": "nicegui-example-app",
            "created_at": "2024-12-07 18:47:52.899822 +0000 UTC",
            "definition": [
              {
                "docker": [
                  {
                    "args": [],
                    "command": "",
                    "image": "zauberzeug/nicegui",
                    "image_registry_secret": ""
                  }
                ],
                "env": [
                  {
                    "key": "PORT",
                    "secret": "",
                    "value": "8080"
                  }
                ],
                "git": [],
                "instance_types": [
                  {
                    "type": "free"
                  }
                ],
                "name": "nicegui-example-service",
                "ports": [
                  {
                    "port": 8080,
                    "protocol": "http"
                  }
                ],
                "regions": [
                  "was"
                ],
                "routes": [
                  {
                    "path": "/",
                    "port": 8080
                  }
                ],
                "scalings": [
                  {
                    "max": 1,
                    "min": 1
                  }
                ]
              }
            ],
            "id": "6ed47693-acda-4695-ba71-f3360638ec9a",
            "latest_deployment": "633d92d0-2091-4ed7-9139-2dd5bb1cb6b9",
            "messages": "Service queued, it will start soon.",
            "name": "nicegui-example-service",
            "organization_id": "923f012f-ec7d-4dd7-b0f1-6422af30b50d",
            "paused_at": "0001-01-01 00:00:00 +0000 UTC",
            "resumed_at": "0001-01-01 00:00:00 +0000 UTC",
            "status": "STARTING",
            "terminated_at": "0001-01-01 00:00:00 +0000 UTC",
            "updated_at": "2024-12-07 18:47:53.016405 +0000 UTC",
            "version": "1"
          },
          "sensitive_attributes": [
            [
              {
                "type": "get_attr",
                "value": "definition"
              }
            ]
          ],
          "private": "bnVsbA==",
          "dependencies": [
            "koyeb_app.sample-app"
          ]
        }
      ]
    }
  ],
  "check_results": null
}
